// !$*UTF8*$!
{
	archiveVersion = 1;
	classes = {
	};
	objectVersion = 56;
	objects = {

/* Begin PBXBuildFile section */
		9F559BCB29870B9C0057C9E3 /* Localizable.strings in Resources */ = {isa = PBXBuildFile; fileRef = 9F559BCA29870B9C0057C9E3 /* Localizable.strings */; };
		9F6DA369298900D20057AF1D /* Visibility.swift in Sources */ = {isa = PBXBuildFile; fileRef = 9F6DA368298900D20057AF1D /* Visibility.swift */; };
		9F8F1910298B9AAE00D94D2E /* StreamTests.swift in Sources */ = {isa = PBXBuildFile; fileRef = 9F8F190F298B9AAE00D94D2E /* StreamTests.swift */; };
		9F8F1912298B9B1600D94D2E /* TestState.swift in Sources */ = {isa = PBXBuildFile; fileRef = 9F8F1911298B9B1600D94D2E /* TestState.swift */; };
		9F8F1917298BA37D00D94D2E /* CharactersStorageServiceAdapter.swift in Sources */ = {isa = PBXBuildFile; fileRef = 9F8F1916298BA37D00D94D2E /* CharactersStorageServiceAdapter.swift */; };
		9F8F1919298BA3A600D94D2E /* CharactersStorageService.swift in Sources */ = {isa = PBXBuildFile; fileRef = 9F8F1918298BA3A600D94D2E /* CharactersStorageService.swift */; };
		9F8F191D298BA58A00D94D2E /* CharactersStorageServiceTests.swift in Sources */ = {isa = PBXBuildFile; fileRef = 9F8F191C298BA58A00D94D2E /* CharactersStorageServiceTests.swift */; };
		9F8F191F298BA6C500D94D2E /* UserDefaultsMock.swift in Sources */ = {isa = PBXBuildFile; fileRef = 9F8F191E298BA6C500D94D2E /* UserDefaultsMock.swift */; };
		B1115CC229895BD100ABB482 /* CharactersPaginationState.swift in Sources */ = {isa = PBXBuildFile; fileRef = B1115CC129895BD100ABB482 /* CharactersPaginationState.swift */; };
		B1115CC429895C1500ABB482 /* CharactersPaginationStateTests.swift in Sources */ = {isa = PBXBuildFile; fileRef = B1115CC329895C1500ABB482 /* CharactersPaginationStateTests.swift */; };
		B1115CC929895CC600ABB482 /* CharactersStateTests.swift in Sources */ = {isa = PBXBuildFile; fileRef = B1115CC829895CC600ABB482 /* CharactersStateTests.swift */; };
		B1115CCB29895CFD00ABB482 /* CharactersReducerTests.swift in Sources */ = {isa = PBXBuildFile; fileRef = B1115CCA29895CFD00ABB482 /* CharactersReducerTests.swift */; };
		B1115CCE298960BC00ABB482 /* CharactersService.swift in Sources */ = {isa = PBXBuildFile; fileRef = B1115CCD298960BC00ABB482 /* CharactersService.swift */; };
		B1115CD02989616700ABB482 /* CharactersServiceAdapter.swift in Sources */ = {isa = PBXBuildFile; fileRef = B1115CCF2989616700ABB482 /* CharactersServiceAdapter.swift */; };
		B1626B3C2983EF3000DCD25F /* RickAndMortyApplication.swift in Sources */ = {isa = PBXBuildFile; fileRef = B1626B3B2983EF3000DCD25F /* RickAndMortyApplication.swift */; };
		B1626B3E2983EF3000DCD25F /* CharacterView.swift in Sources */ = {isa = PBXBuildFile; fileRef = B1626B3D2983EF3000DCD25F /* CharacterView.swift */; };
		B1626B402983EF3100DCD25F /* Assets.xcassets in Resources */ = {isa = PBXBuildFile; fileRef = B1626B3F2983EF3100DCD25F /* Assets.xcassets */; };
		B1626B432983EF3100DCD25F /* Preview Assets.xcassets in Resources */ = {isa = PBXBuildFile; fileRef = B1626B422983EF3100DCD25F /* Preview Assets.xcassets */; };
		B1626B4D2983EF3100DCD25F /* CharacterStateTests.swift in Sources */ = {isa = PBXBuildFile; fileRef = B1626B4C2983EF3100DCD25F /* CharacterStateTests.swift */; };
		B1626B572983EF3100DCD25F /* RickAndMortyAppUITests.swift in Sources */ = {isa = PBXBuildFile; fileRef = B1626B562983EF3100DCD25F /* RickAndMortyAppUITests.swift */; };
		B1626B592983EF3100DCD25F /* RickAndMortyAppUITestsLaunchTests.swift in Sources */ = {isa = PBXBuildFile; fileRef = B1626B582983EF3100DCD25F /* RickAndMortyAppUITestsLaunchTests.swift */; };
		B1626B692984067400DCD25F /* RoundedCorner.swift in Sources */ = {isa = PBXBuildFile; fileRef = B1626B682984067400DCD25F /* RoundedCorner.swift */; };
		B1626B6B29840EF000DCD25F /* CharactersView.swift in Sources */ = {isa = PBXBuildFile; fileRef = B1626B6A29840EF000DCD25F /* CharactersView.swift */; };
		B1677065298D952F00F82F24 /* BlinkView.swift in Sources */ = {isa = PBXBuildFile; fileRef = B1677064298D952F00F82F24 /* BlinkView.swift */; };
		B18B7F5F298A4FE4003389CB /* HttpClient.swift in Sources */ = {isa = PBXBuildFile; fileRef = B18B7F5E298A4FE4003389CB /* HttpClient.swift */; };
		B18B7F61298A53AC003389CB /* Page.swift in Sources */ = {isa = PBXBuildFile; fileRef = B18B7F60298A53AC003389CB /* Page.swift */; };
		B18B7F64298A6542003389CB /* CharactersServiceAdapterTests.swift in Sources */ = {isa = PBXBuildFile; fileRef = B18B7F63298A6542003389CB /* CharactersServiceAdapterTests.swift */; };
		B18B7F66298A6592003389CB /* HttpClientMock.swift in Sources */ = {isa = PBXBuildFile; fileRef = B18B7F65298A6592003389CB /* HttpClientMock.swift */; };
		B18B7F68298A71A6003389CB /* HTTPURLResponse+Init.swift in Sources */ = {isa = PBXBuildFile; fileRef = B18B7F67298A71A6003389CB /* HTTPURLResponse+Init.swift */; };
		B18B7F6A298AB658003389CB /* CharactersLocatorMock.swift in Sources */ = {isa = PBXBuildFile; fileRef = B18B7F69298AB658003389CB /* CharactersLocatorMock.swift */; };
		B18B7F6C298AB6C0003389CB /* CharactersServiceMock.swift in Sources */ = {isa = PBXBuildFile; fileRef = B18B7F6B298AB6C0003389CB /* CharactersServiceMock.swift */; };
		B18B7F6F298AB95A003389CB /* Stream+Helper.swift in Sources */ = {isa = PBXBuildFile; fileRef = B18B7F6E298AB95A003389CB /* Stream+Helper.swift */; };
		B1C06799298C031D0057B52C /* CharactersStorageServiceMock.swift in Sources */ = {isa = PBXBuildFile; fileRef = B1C06798298C031D0057B52C /* CharactersStorageServiceMock.swift */; };
		B1C0679C298C459D0057B52C /* SnackBarView.swift in Sources */ = {isa = PBXBuildFile; fileRef = B1C0679B298C459D0057B52C /* SnackBarView.swift */; };
		B1DF30382987C01200AE94CD /* Character.swift in Sources */ = {isa = PBXBuildFile; fileRef = B1DF30372987C01200AE94CD /* Character.swift */; };
		B1DF303A2987C02E00AE94CD /* CharacterState.swift in Sources */ = {isa = PBXBuildFile; fileRef = B1DF30392987C02E00AE94CD /* CharacterState.swift */; };
		B1DF303C2987C04A00AE94CD /* CharactersState.swift in Sources */ = {isa = PBXBuildFile; fileRef = B1DF303B2987C04A00AE94CD /* CharactersState.swift */; };
		B1DF304A2988030E00AE94CD /* Store.swift in Sources */ = {isa = PBXBuildFile; fileRef = B1DF30452988030E00AE94CD /* Store.swift */; };
		B1DF304B2988030E00AE94CD /* Stream.swift in Sources */ = {isa = PBXBuildFile; fileRef = B1DF30462988030E00AE94CD /* Stream.swift */; };
		B1DF304E298805E700AE94CD /* CharactersReducer.swift in Sources */ = {isa = PBXBuildFile; fileRef = B1DF304D298805E700AE94CD /* CharactersReducer.swift */; };
		B1DF30502988065D00AE94CD /* CharactersAction.swift in Sources */ = {isa = PBXBuildFile; fileRef = B1DF304F2988065D00AE94CD /* CharactersAction.swift */; };
		B1DF3052298806E400AE94CD /* CharactersLocator.swift in Sources */ = {isa = PBXBuildFile; fileRef = B1DF3051298806E400AE94CD /* CharactersLocator.swift */; };
/* End PBXBuildFile section */

/* Begin PBXContainerItemProxy section */
		B1626B492983EF3100DCD25F /* PBXContainerItemProxy */ = {
			isa = PBXContainerItemProxy;
			containerPortal = B1626B302983EF3000DCD25F /* Project object */;
			proxyType = 1;
			remoteGlobalIDString = B1626B372983EF3000DCD25F;
			remoteInfo = RickAndMortyApp;
		};
		B1626B532983EF3100DCD25F /* PBXContainerItemProxy */ = {
			isa = PBXContainerItemProxy;
			containerPortal = B1626B302983EF3000DCD25F /* Project object */;
			proxyType = 1;
			remoteGlobalIDString = B1626B372983EF3000DCD25F;
			remoteInfo = RickAndMortyApp;
		};
/* End PBXContainerItemProxy section */

/* Begin PBXFileReference section */
		9F559BCA29870B9C0057C9E3 /* Localizable.strings */ = {isa = PBXFileReference; lastKnownFileType = text.plist.strings; path = Localizable.strings; sourceTree = "<group>"; };
		9F6DA368298900D20057AF1D /* Visibility.swift */ = {isa = PBXFileReference; lastKnownFileType = sourcecode.swift; path = Visibility.swift; sourceTree = "<group>"; };
		9F8F190F298B9AAE00D94D2E /* StreamTests.swift */ = {isa = PBXFileReference; lastKnownFileType = sourcecode.swift; path = StreamTests.swift; sourceTree = "<group>"; };
		9F8F1911298B9B1600D94D2E /* TestState.swift */ = {isa = PBXFileReference; lastKnownFileType = sourcecode.swift; path = TestState.swift; sourceTree = "<group>"; };
		9F8F1916298BA37D00D94D2E /* CharactersStorageServiceAdapter.swift */ = {isa = PBXFileReference; lastKnownFileType = sourcecode.swift; path = CharactersStorageServiceAdapter.swift; sourceTree = "<group>"; };
		9F8F1918298BA3A600D94D2E /* CharactersStorageService.swift */ = {isa = PBXFileReference; lastKnownFileType = sourcecode.swift; path = CharactersStorageService.swift; sourceTree = "<group>"; };
		9F8F191C298BA58A00D94D2E /* CharactersStorageServiceTests.swift */ = {isa = PBXFileReference; lastKnownFileType = sourcecode.swift; path = CharactersStorageServiceTests.swift; sourceTree = "<group>"; };
		9F8F191E298BA6C500D94D2E /* UserDefaultsMock.swift */ = {isa = PBXFileReference; lastKnownFileType = sourcecode.swift; path = UserDefaultsMock.swift; sourceTree = "<group>"; };
		B1115CC129895BD100ABB482 /* CharactersPaginationState.swift */ = {isa = PBXFileReference; lastKnownFileType = sourcecode.swift; path = CharactersPaginationState.swift; sourceTree = "<group>"; };
		B1115CC329895C1500ABB482 /* CharactersPaginationStateTests.swift */ = {isa = PBXFileReference; lastKnownFileType = sourcecode.swift; path = CharactersPaginationStateTests.swift; sourceTree = "<group>"; };
		B1115CC829895CC600ABB482 /* CharactersStateTests.swift */ = {isa = PBXFileReference; lastKnownFileType = sourcecode.swift; path = CharactersStateTests.swift; sourceTree = "<group>"; };
		B1115CCA29895CFD00ABB482 /* CharactersReducerTests.swift */ = {isa = PBXFileReference; lastKnownFileType = sourcecode.swift; path = CharactersReducerTests.swift; sourceTree = "<group>"; };
		B1115CCD298960BC00ABB482 /* CharactersService.swift */ = {isa = PBXFileReference; lastKnownFileType = sourcecode.swift; path = CharactersService.swift; sourceTree = "<group>"; };
		B1115CCF2989616700ABB482 /* CharactersServiceAdapter.swift */ = {isa = PBXFileReference; lastKnownFileType = sourcecode.swift; path = CharactersServiceAdapter.swift; sourceTree = "<group>"; };
		B1626B382983EF3000DCD25F /* RickAndMortyApp.app */ = {isa = PBXFileReference; explicitFileType = wrapper.application; includeInIndex = 0; path = RickAndMortyApp.app; sourceTree = BUILT_PRODUCTS_DIR; };
		B1626B3B2983EF3000DCD25F /* RickAndMortyApplication.swift */ = {isa = PBXFileReference; lastKnownFileType = sourcecode.swift; path = RickAndMortyApplication.swift; sourceTree = "<group>"; };
		B1626B3D2983EF3000DCD25F /* CharacterView.swift */ = {isa = PBXFileReference; lastKnownFileType = sourcecode.swift; path = CharacterView.swift; sourceTree = "<group>"; };
		B1626B3F2983EF3100DCD25F /* Assets.xcassets */ = {isa = PBXFileReference; lastKnownFileType = folder.assetcatalog; path = Assets.xcassets; sourceTree = "<group>"; };
		B1626B422983EF3100DCD25F /* Preview Assets.xcassets */ = {isa = PBXFileReference; lastKnownFileType = folder.assetcatalog; path = "Preview Assets.xcassets"; sourceTree = "<group>"; };
		B1626B482983EF3100DCD25F /* RickAndMortyAppTests.xctest */ = {isa = PBXFileReference; explicitFileType = wrapper.cfbundle; includeInIndex = 0; path = RickAndMortyAppTests.xctest; sourceTree = BUILT_PRODUCTS_DIR; };
		B1626B4C2983EF3100DCD25F /* CharacterStateTests.swift */ = {isa = PBXFileReference; lastKnownFileType = sourcecode.swift; path = CharacterStateTests.swift; sourceTree = "<group>"; };
		B1626B522983EF3100DCD25F /* RickAndMortyAppUITests.xctest */ = {isa = PBXFileReference; explicitFileType = wrapper.cfbundle; includeInIndex = 0; path = RickAndMortyAppUITests.xctest; sourceTree = BUILT_PRODUCTS_DIR; };
		B1626B562983EF3100DCD25F /* RickAndMortyAppUITests.swift */ = {isa = PBXFileReference; lastKnownFileType = sourcecode.swift; path = RickAndMortyAppUITests.swift; sourceTree = "<group>"; };
		B1626B582983EF3100DCD25F /* RickAndMortyAppUITestsLaunchTests.swift */ = {isa = PBXFileReference; lastKnownFileType = sourcecode.swift; path = RickAndMortyAppUITestsLaunchTests.swift; sourceTree = "<group>"; };
		B1626B682984067400DCD25F /* RoundedCorner.swift */ = {isa = PBXFileReference; lastKnownFileType = sourcecode.swift; path = RoundedCorner.swift; sourceTree = "<group>"; };
		B1626B6A29840EF000DCD25F /* CharactersView.swift */ = {isa = PBXFileReference; lastKnownFileType = sourcecode.swift; path = CharactersView.swift; sourceTree = "<group>"; };
		B1677064298D952F00F82F24 /* BlinkView.swift */ = {isa = PBXFileReference; lastKnownFileType = sourcecode.swift; path = BlinkView.swift; sourceTree = "<group>"; };
		B18B7F5E298A4FE4003389CB /* HttpClient.swift */ = {isa = PBXFileReference; lastKnownFileType = sourcecode.swift; path = HttpClient.swift; sourceTree = "<group>"; };
		B18B7F60298A53AC003389CB /* Page.swift */ = {isa = PBXFileReference; lastKnownFileType = sourcecode.swift; path = Page.swift; sourceTree = "<group>"; };
		B18B7F63298A6542003389CB /* CharactersServiceAdapterTests.swift */ = {isa = PBXFileReference; lastKnownFileType = sourcecode.swift; path = CharactersServiceAdapterTests.swift; sourceTree = "<group>"; };
		B18B7F65298A6592003389CB /* HttpClientMock.swift */ = {isa = PBXFileReference; lastKnownFileType = sourcecode.swift; path = HttpClientMock.swift; sourceTree = "<group>"; };
		B18B7F67298A71A6003389CB /* HTTPURLResponse+Init.swift */ = {isa = PBXFileReference; lastKnownFileType = sourcecode.swift; path = "HTTPURLResponse+Init.swift"; sourceTree = "<group>"; };
		B18B7F69298AB658003389CB /* CharactersLocatorMock.swift */ = {isa = PBXFileReference; lastKnownFileType = sourcecode.swift; path = CharactersLocatorMock.swift; sourceTree = "<group>"; };
		B18B7F6B298AB6C0003389CB /* CharactersServiceMock.swift */ = {isa = PBXFileReference; lastKnownFileType = sourcecode.swift; path = CharactersServiceMock.swift; sourceTree = "<group>"; };
		B18B7F6E298AB95A003389CB /* Stream+Helper.swift */ = {isa = PBXFileReference; lastKnownFileType = sourcecode.swift; path = "Stream+Helper.swift"; sourceTree = "<group>"; };
		B1C06798298C031D0057B52C /* CharactersStorageServiceMock.swift */ = {isa = PBXFileReference; lastKnownFileType = sourcecode.swift; path = CharactersStorageServiceMock.swift; sourceTree = "<group>"; };
		B1C0679B298C459D0057B52C /* SnackBarView.swift */ = {isa = PBXFileReference; lastKnownFileType = sourcecode.swift; path = SnackBarView.swift; sourceTree = "<group>"; };
		B1DF30372987C01200AE94CD /* Character.swift */ = {isa = PBXFileReference; lastKnownFileType = sourcecode.swift; path = Character.swift; sourceTree = "<group>"; };
		B1DF30392987C02E00AE94CD /* CharacterState.swift */ = {isa = PBXFileReference; lastKnownFileType = sourcecode.swift; path = CharacterState.swift; sourceTree = "<group>"; };
		B1DF303B2987C04A00AE94CD /* CharactersState.swift */ = {isa = PBXFileReference; lastKnownFileType = sourcecode.swift; path = CharactersState.swift; sourceTree = "<group>"; };
		B1DF30452988030E00AE94CD /* Store.swift */ = {isa = PBXFileReference; fileEncoding = 4; lastKnownFileType = sourcecode.swift; path = Store.swift; sourceTree = "<group>"; };
		B1DF30462988030E00AE94CD /* Stream.swift */ = {isa = PBXFileReference; fileEncoding = 4; lastKnownFileType = sourcecode.swift; path = Stream.swift; sourceTree = "<group>"; };
		B1DF304D298805E700AE94CD /* CharactersReducer.swift */ = {isa = PBXFileReference; lastKnownFileType = sourcecode.swift; path = CharactersReducer.swift; sourceTree = "<group>"; };
		B1DF304F2988065D00AE94CD /* CharactersAction.swift */ = {isa = PBXFileReference; lastKnownFileType = sourcecode.swift; path = CharactersAction.swift; sourceTree = "<group>"; };
		B1DF3051298806E400AE94CD /* CharactersLocator.swift */ = {isa = PBXFileReference; lastKnownFileType = sourcecode.swift; path = CharactersLocator.swift; sourceTree = "<group>"; };
/* End PBXFileReference section */

/* Begin PBXFrameworksBuildPhase section */
		B1626B352983EF3000DCD25F /* Frameworks */ = {
			isa = PBXFrameworksBuildPhase;
			buildActionMask = 2147483647;
			files = (
			);
			runOnlyForDeploymentPostprocessing = 0;
		};
		B1626B452983EF3100DCD25F /* Frameworks */ = {
			isa = PBXFrameworksBuildPhase;
			buildActionMask = 2147483647;
			files = (
			);
			runOnlyForDeploymentPostprocessing = 0;
		};
		B1626B4F2983EF3100DCD25F /* Frameworks */ = {
			isa = PBXFrameworksBuildPhase;
			buildActionMask = 2147483647;
			files = (
			);
			runOnlyForDeploymentPostprocessing = 0;
		};
/* End PBXFrameworksBuildPhase section */

/* Begin PBXGroup section */
		9F8F1914298BA2F100D94D2E /* Network */ = {
			isa = PBXGroup;
			children = (
				B1115CCF2989616700ABB482 /* CharactersServiceAdapter.swift */,
				B18B7F5E298A4FE4003389CB /* HttpClient.swift */,
			);
			path = Network;
			sourceTree = "<group>";
		};
		9F8F1915298BA30000D94D2E /* Storage */ = {
			isa = PBXGroup;
			children = (
				9F8F1916298BA37D00D94D2E /* CharactersStorageServiceAdapter.swift */,
			);
			path = Storage;
			sourceTree = "<group>";
		};
		9F8F191A298BA56400D94D2E /* Network */ = {
			isa = PBXGroup;
			children = (
				B18B7F63298A6542003389CB /* CharactersServiceAdapterTests.swift */,
				B18B7F65298A6592003389CB /* HttpClientMock.swift */,
				B18B7F67298A71A6003389CB /* HTTPURLResponse+Init.swift */,
			);
			path = Network;
			sourceTree = "<group>";
		};
		9F8F191B298BA57400D94D2E /* Storage */ = {
			isa = PBXGroup;
			children = (
				9F8F191C298BA58A00D94D2E /* CharactersStorageServiceTests.swift */,
				9F8F191E298BA6C500D94D2E /* UserDefaultsMock.swift */,
			);
			path = Storage;
			sourceTree = "<group>";
		};
		B1115CC529895C1C00ABB482 /* Characters */ = {
			isa = PBXGroup;
			children = (
				B18B7F69298AB658003389CB /* CharactersLocatorMock.swift */,
				B1115CC329895C1500ABB482 /* CharactersPaginationStateTests.swift */,
				B1115CCA29895CFD00ABB482 /* CharactersReducerTests.swift */,
				B18B7F6B298AB6C0003389CB /* CharactersServiceMock.swift */,
				B1115CC829895CC600ABB482 /* CharactersStateTests.swift */,
				B1C06798298C031D0057B52C /* CharactersStorageServiceMock.swift */,
			);
			path = Characters;
			sourceTree = "<group>";
		};
		B1115CC629895C5000ABB482 /* Model */ = {
			isa = PBXGroup;
			children = (
				B1DF30372987C01200AE94CD /* Character.swift */,
				B18B7F60298A53AC003389CB /* Page.swift */,
			);
			path = Model;
			sourceTree = "<group>";
		};
		B1115CC729895CB700ABB482 /* Character */ = {
			isa = PBXGroup;
			children = (
				B1626B4C2983EF3100DCD25F /* CharacterStateTests.swift */,
			);
			path = Character;
			sourceTree = "<group>";
		};
		B1115CCC2989609C00ABB482 /* Services */ = {
			isa = PBXGroup;
			children = (
				9F8F1915298BA30000D94D2E /* Storage */,
				9F8F1914298BA2F100D94D2E /* Network */,
			);
			path = Services;
			sourceTree = "<group>";
		};
		B1626B2F2983EF3000DCD25F = {
			isa = PBXGroup;
			children = (
				B1626B3A2983EF3000DCD25F /* RickAndMortyApp */,
				B1626B4B2983EF3100DCD25F /* RickAndMortyAppTests */,
				B1626B552983EF3100DCD25F /* RickAndMortyAppUITests */,
				B1626B392983EF3000DCD25F /* Products */,
			);
			sourceTree = "<group>";
		};
		B1626B392983EF3000DCD25F /* Products */ = {
			isa = PBXGroup;
			children = (
				B1626B382983EF3000DCD25F /* RickAndMortyApp.app */,
				B1626B482983EF3100DCD25F /* RickAndMortyAppTests.xctest */,
				B1626B522983EF3100DCD25F /* RickAndMortyAppUITests.xctest */,
			);
			name = Products;
			sourceTree = "<group>";
		};
		B1626B3A2983EF3000DCD25F /* RickAndMortyApp */ = {
			isa = PBXGroup;
			children = (
				B1626B3F2983EF3100DCD25F /* Assets.xcassets */,
				B1DF30362987BFFA00AE94CD /* Character */,
				B1DF30352987BFF100AE94CD /* Characters */,
				B1C0679A298C458E0057B52C /* Components */,
				9F559BCA29870B9C0057C9E3 /* Localizable.strings */,
				B1115CC629895C5000ABB482 /* Model */,
				B1626B412983EF3100DCD25F /* Preview Content */,
				B1DF3042298802E800AE94CD /* Redux */,
				B1626B3B2983EF3000DCD25F /* RickAndMortyApplication.swift */,
				B1115CCC2989609C00ABB482 /* Services */,
				B1626B672984066A00DCD25F /* SwiftUI */,
			);
			path = RickAndMortyApp;
			sourceTree = "<group>";
		};
		B1626B412983EF3100DCD25F /* Preview Content */ = {
			isa = PBXGroup;
			children = (
				B1626B422983EF3100DCD25F /* Preview Assets.xcassets */,
			);
			path = "Preview Content";
			sourceTree = "<group>";
		};
		B1626B4B2983EF3100DCD25F /* RickAndMortyAppTests */ = {
			isa = PBXGroup;
			children = (
				B1115CC729895CB700ABB482 /* Character */,
				B1115CC529895C1C00ABB482 /* Characters */,
				B18B7F6D298AB948003389CB /* Redux */,
				B18B7F62298A651C003389CB /* Services */,
			);
			path = RickAndMortyAppTests;
			sourceTree = "<group>";
		};
		B1626B552983EF3100DCD25F /* RickAndMortyAppUITests */ = {
			isa = PBXGroup;
			children = (
				B1626B562983EF3100DCD25F /* RickAndMortyAppUITests.swift */,
				B1626B582983EF3100DCD25F /* RickAndMortyAppUITestsLaunchTests.swift */,
			);
			path = RickAndMortyAppUITests;
			sourceTree = "<group>";
		};
		B1626B672984066A00DCD25F /* SwiftUI */ = {
			isa = PBXGroup;
			children = (
				B1626B682984067400DCD25F /* RoundedCorner.swift */,
				9F6DA368298900D20057AF1D /* Visibility.swift */,
				B1677064298D952F00F82F24 /* BlinkView.swift */,
			);
			path = SwiftUI;
			sourceTree = "<group>";
		};
		B18B7F62298A651C003389CB /* Services */ = {
			isa = PBXGroup;
			children = (
				9F8F191B298BA57400D94D2E /* Storage */,
				9F8F191A298BA56400D94D2E /* Network */,
			);
			path = Services;
			sourceTree = "<group>";
		};
		B18B7F6D298AB948003389CB /* Redux */ = {
			isa = PBXGroup;
			children = (
				B18B7F6E298AB95A003389CB /* Stream+Helper.swift */,
				9F8F190F298B9AAE00D94D2E /* StreamTests.swift */,
				9F8F1911298B9B1600D94D2E /* TestState.swift */,
			);
			path = Redux;
			sourceTree = "<group>";
		};
		B1C0679A298C458E0057B52C /* Components */ = {
			isa = PBXGroup;
			children = (
				B1C0679B298C459D0057B52C /* SnackBarView.swift */,
			);
			path = Components;
			sourceTree = "<group>";
		};
		B1DF30352987BFF100AE94CD /* Characters */ = {
			isa = PBXGroup;
			children = (
				B1DF304F2988065D00AE94CD /* CharactersAction.swift */,
				B1DF3051298806E400AE94CD /* CharactersLocator.swift */,
				B1115CC129895BD100ABB482 /* CharactersPaginationState.swift */,
				B1DF304D298805E700AE94CD /* CharactersReducer.swift */,
				B1115CCD298960BC00ABB482 /* CharactersService.swift */,
				B1DF303B2987C04A00AE94CD /* CharactersState.swift */,
				9F8F1918298BA3A600D94D2E /* CharactersStorageService.swift */,
				B1626B6A29840EF000DCD25F /* CharactersView.swift */,
			);
			path = Characters;
			sourceTree = "<group>";
		};
		B1DF30362987BFFA00AE94CD /* Character */ = {
			isa = PBXGroup;
			children = (
				B1626B3D2983EF3000DCD25F /* CharacterView.swift */,
				B1DF30392987C02E00AE94CD /* CharacterState.swift */,
			);
			path = Character;
			sourceTree = "<group>";
		};
		B1DF3042298802E800AE94CD /* Redux */ = {
			isa = PBXGroup;
			children = (
				B1DF30452988030E00AE94CD /* Store.swift */,
				B1DF30462988030E00AE94CD /* Stream.swift */,
			);
			path = Redux;
			sourceTree = "<group>";
		};
/* End PBXGroup section */

/* Begin PBXNativeTarget section */
		B1626B372983EF3000DCD25F /* RickAndMortyApp */ = {
			isa = PBXNativeTarget;
			buildConfigurationList = B1626B5C2983EF3100DCD25F /* Build configuration list for PBXNativeTarget "RickAndMortyApp" */;
			buildPhases = (
				B1626B342983EF3000DCD25F /* Sources */,
				B1626B352983EF3000DCD25F /* Frameworks */,
				B1626B362983EF3000DCD25F /* Resources */,
			);
			buildRules = (
			);
			dependencies = (
			);
			name = RickAndMortyApp;
			packageProductDependencies = (
			);
			productName = RickAndMortyApp;
			productReference = B1626B382983EF3000DCD25F /* RickAndMortyApp.app */;
			productType = "com.apple.product-type.application";
		};
		B1626B472983EF3100DCD25F /* RickAndMortyAppTests */ = {
			isa = PBXNativeTarget;
			buildConfigurationList = B1626B5F2983EF3100DCD25F /* Build configuration list for PBXNativeTarget "RickAndMortyAppTests" */;
			buildPhases = (
				B1626B442983EF3100DCD25F /* Sources */,
				B1626B452983EF3100DCD25F /* Frameworks */,
				B1626B462983EF3100DCD25F /* Resources */,
			);
			buildRules = (
			);
			dependencies = (
				B1626B4A2983EF3100DCD25F /* PBXTargetDependency */,
			);
			name = RickAndMortyAppTests;
			productName = RickAndMortyAppTests;
			productReference = B1626B482983EF3100DCD25F /* RickAndMortyAppTests.xctest */;
			productType = "com.apple.product-type.bundle.unit-test";
		};
		B1626B512983EF3100DCD25F /* RickAndMortyAppUITests */ = {
			isa = PBXNativeTarget;
			buildConfigurationList = B1626B622983EF3100DCD25F /* Build configuration list for PBXNativeTarget "RickAndMortyAppUITests" */;
			buildPhases = (
				B1626B4E2983EF3100DCD25F /* Sources */,
				B1626B4F2983EF3100DCD25F /* Frameworks */,
				B1626B502983EF3100DCD25F /* Resources */,
			);
			buildRules = (
			);
			dependencies = (
				B1626B542983EF3100DCD25F /* PBXTargetDependency */,
			);
			name = RickAndMortyAppUITests;
			productName = RickAndMortyAppUITests;
			productReference = B1626B522983EF3100DCD25F /* RickAndMortyAppUITests.xctest */;
			productType = "com.apple.product-type.bundle.ui-testing";
		};
/* End PBXNativeTarget section */

/* Begin PBXProject section */
		B1626B302983EF3000DCD25F /* Project object */ = {
			isa = PBXProject;
			attributes = {
				BuildIndependentTargetsInParallel = 1;
				LastSwiftUpdateCheck = 1420;
				LastUpgradeCheck = 1420;
				TargetAttributes = {
					B1626B372983EF3000DCD25F = {
						CreatedOnToolsVersion = 14.2;
					};
					B1626B472983EF3100DCD25F = {
						CreatedOnToolsVersion = 14.2;
						TestTargetID = B1626B372983EF3000DCD25F;
					};
					B1626B512983EF3100DCD25F = {
						CreatedOnToolsVersion = 14.2;
						TestTargetID = B1626B372983EF3000DCD25F;
					};
				};
			};
			buildConfigurationList = B1626B332983EF3000DCD25F /* Build configuration list for PBXProject "RickAndMortyApp" */;
			compatibilityVersion = "Xcode 14.0";
			developmentRegion = en;
			hasScannedForEncodings = 0;
			knownRegions = (
				en,
				Base,
			);
			mainGroup = B1626B2F2983EF3000DCD25F;
			packageReferences = (
			);
			productRefGroup = B1626B392983EF3000DCD25F /* Products */;
			projectDirPath = "";
			projectRoot = "";
			targets = (
				B1626B372983EF3000DCD25F /* RickAndMortyApp */,
				B1626B472983EF3100DCD25F /* RickAndMortyAppTests */,
				B1626B512983EF3100DCD25F /* RickAndMortyAppUITests */,
			);
		};
/* End PBXProject section */

/* Begin PBXResourcesBuildPhase section */
		B1626B362983EF3000DCD25F /* Resources */ = {
			isa = PBXResourcesBuildPhase;
			buildActionMask = 2147483647;
			files = (
				B1626B432983EF3100DCD25F /* Preview Assets.xcassets in Resources */,
				9F559BCB29870B9C0057C9E3 /* Localizable.strings in Resources */,
				B1626B402983EF3100DCD25F /* Assets.xcassets in Resources */,
			);
			runOnlyForDeploymentPostprocessing = 0;
		};
		B1626B462983EF3100DCD25F /* Resources */ = {
			isa = PBXResourcesBuildPhase;
			buildActionMask = 2147483647;
			files = (
			);
			runOnlyForDeploymentPostprocessing = 0;
		};
		B1626B502983EF3100DCD25F /* Resources */ = {
			isa = PBXResourcesBuildPhase;
			buildActionMask = 2147483647;
			files = (
			);
			runOnlyForDeploymentPostprocessing = 0;
		};
/* End PBXResourcesBuildPhase section */

/* Begin PBXSourcesBuildPhase section */
		B1626B342983EF3000DCD25F /* Sources */ = {
			isa = PBXSourcesBuildPhase;
			buildActionMask = 2147483647;
			files = (
				B1DF3052298806E400AE94CD /* CharactersLocator.swift in Sources */,
				B1DF304E298805E700AE94CD /* CharactersReducer.swift in Sources */,
				B1115CD02989616700ABB482 /* CharactersServiceAdapter.swift in Sources */,
				B1DF304B2988030E00AE94CD /* Stream.swift in Sources */,
				B1626B692984067400DCD25F /* RoundedCorner.swift in Sources */,
				B1677065298D952F00F82F24 /* BlinkView.swift in Sources */,
				B1115CC229895BD100ABB482 /* CharactersPaginationState.swift in Sources */,
				B1DF303C2987C04A00AE94CD /* CharactersState.swift in Sources */,
				B1C0679C298C459D0057B52C /* SnackBarView.swift in Sources */,
				B18B7F5F298A4FE4003389CB /* HttpClient.swift in Sources */,
				B1626B3E2983EF3000DCD25F /* CharacterView.swift in Sources */,
				B1115CCE298960BC00ABB482 /* CharactersService.swift in Sources */,
				9F8F1917298BA37D00D94D2E /* CharactersStorageServiceAdapter.swift in Sources */,
				B1DF30502988065D00AE94CD /* CharactersAction.swift in Sources */,
				B1DF30382987C01200AE94CD /* Character.swift in Sources */,
				B1DF304A2988030E00AE94CD /* Store.swift in Sources */,
				B18B7F61298A53AC003389CB /* Page.swift in Sources */,
				9F6DA369298900D20057AF1D /* Visibility.swift in Sources */,
				B1626B6B29840EF000DCD25F /* CharactersView.swift in Sources */,
				B1626B3C2983EF3000DCD25F /* RickAndMortyApplication.swift in Sources */,
				B1DF303A2987C02E00AE94CD /* CharacterState.swift in Sources */,
				9F8F1919298BA3A600D94D2E /* CharactersStorageService.swift in Sources */,
			);
			runOnlyForDeploymentPostprocessing = 0;
		};
		B1626B442983EF3100DCD25F /* Sources */ = {
			isa = PBXSourcesBuildPhase;
			buildActionMask = 2147483647;
			files = (
				B18B7F66298A6592003389CB /* HttpClientMock.swift in Sources */,
				B1115CCB29895CFD00ABB482 /* CharactersReducerTests.swift in Sources */,
				B1115CC929895CC600ABB482 /* CharactersStateTests.swift in Sources */,
				B18B7F6F298AB95A003389CB /* Stream+Helper.swift in Sources */,
				B18B7F68298A71A6003389CB /* HTTPURLResponse+Init.swift in Sources */,
				9F8F1910298B9AAE00D94D2E /* StreamTests.swift in Sources */,
				B18B7F6A298AB658003389CB /* CharactersLocatorMock.swift in Sources */,
				9F8F1912298B9B1600D94D2E /* TestState.swift in Sources */,
				B18B7F6C298AB6C0003389CB /* CharactersServiceMock.swift in Sources */,
				9F8F191D298BA58A00D94D2E /* CharactersStorageServiceTests.swift in Sources */,
				9F8F191F298BA6C500D94D2E /* UserDefaultsMock.swift in Sources */,
				B18B7F64298A6542003389CB /* CharactersServiceAdapterTests.swift in Sources */,
				B1626B4D2983EF3100DCD25F /* CharacterStateTests.swift in Sources */,
				B1C06799298C031D0057B52C /* CharactersStorageServiceMock.swift in Sources */,
				B1115CC429895C1500ABB482 /* CharactersPaginationStateTests.swift in Sources */,
			);
			runOnlyForDeploymentPostprocessing = 0;
		};
		B1626B4E2983EF3100DCD25F /* Sources */ = {
			isa = PBXSourcesBuildPhase;
			buildActionMask = 2147483647;
			files = (
				B1626B572983EF3100DCD25F /* RickAndMortyAppUITests.swift in Sources */,
				B1626B592983EF3100DCD25F /* RickAndMortyAppUITestsLaunchTests.swift in Sources */,
			);
			runOnlyForDeploymentPostprocessing = 0;
		};
/* End PBXSourcesBuildPhase section */

/* Begin PBXTargetDependency section */
		B1626B4A2983EF3100DCD25F /* PBXTargetDependency */ = {
			isa = PBXTargetDependency;
			target = B1626B372983EF3000DCD25F /* RickAndMortyApp */;
			targetProxy = B1626B492983EF3100DCD25F /* PBXContainerItemProxy */;
		};
		B1626B542983EF3100DCD25F /* PBXTargetDependency */ = {
			isa = PBXTargetDependency;
			target = B1626B372983EF3000DCD25F /* RickAndMortyApp */;
			targetProxy = B1626B532983EF3100DCD25F /* PBXContainerItemProxy */;
		};
/* End PBXTargetDependency section */

/* Begin XCBuildConfiguration section */
		B1626B5A2983EF3100DCD25F /* Debug */ = {
			isa = XCBuildConfiguration;
			buildSettings = {
				ALWAYS_SEARCH_USER_PATHS = NO;
				CLANG_ANALYZER_NONNULL = YES;
				CLANG_ANALYZER_NUMBER_OBJECT_CONVERSION = YES_AGGRESSIVE;
				CLANG_CXX_LANGUAGE_STANDARD = "gnu++20";
				CLANG_ENABLE_MODULES = YES;
				CLANG_ENABLE_OBJC_ARC = YES;
				CLANG_ENABLE_OBJC_WEAK = YES;
				CLANG_WARN_BLOCK_CAPTURE_AUTORELEASING = YES;
				CLANG_WARN_BOOL_CONVERSION = YES;
				CLANG_WARN_COMMA = YES;
				CLANG_WARN_CONSTANT_CONVERSION = YES;
				CLANG_WARN_DEPRECATED_OBJC_IMPLEMENTATIONS = YES;
				CLANG_WARN_DIRECT_OBJC_ISA_USAGE = YES_ERROR;
				CLANG_WARN_DOCUMENTATION_COMMENTS = YES;
				CLANG_WARN_EMPTY_BODY = YES;
				CLANG_WARN_ENUM_CONVERSION = YES;
				CLANG_WARN_INFINITE_RECURSION = YES;
				CLANG_WARN_INT_CONVERSION = YES;
				CLANG_WARN_NON_LITERAL_NULL_CONVERSION = YES;
				CLANG_WARN_OBJC_IMPLICIT_RETAIN_SELF = YES;
				CLANG_WARN_OBJC_LITERAL_CONVERSION = YES;
				CLANG_WARN_OBJC_ROOT_CLASS = YES_ERROR;
				CLANG_WARN_QUOTED_INCLUDE_IN_FRAMEWORK_HEADER = YES;
				CLANG_WARN_RANGE_LOOP_ANALYSIS = YES;
				CLANG_WARN_STRICT_PROTOTYPES = YES;
				CLANG_WARN_SUSPICIOUS_MOVE = YES;
				CLANG_WARN_UNGUARDED_AVAILABILITY = YES_AGGRESSIVE;
				CLANG_WARN_UNREACHABLE_CODE = YES;
				CLANG_WARN__DUPLICATE_METHOD_MATCH = YES;
				COPY_PHASE_STRIP = NO;
				DEBUG_INFORMATION_FORMAT = dwarf;
				ENABLE_STRICT_OBJC_MSGSEND = YES;
				ENABLE_TESTABILITY = YES;
				GCC_C_LANGUAGE_STANDARD = gnu11;
				GCC_DYNAMIC_NO_PIC = NO;
				GCC_NO_COMMON_BLOCKS = YES;
				GCC_OPTIMIZATION_LEVEL = 0;
				GCC_PREPROCESSOR_DEFINITIONS = (
					"DEBUG=1",
					"$(inherited)",
				);
				GCC_WARN_64_TO_32_BIT_CONVERSION = YES;
				GCC_WARN_ABOUT_RETURN_TYPE = YES_ERROR;
				GCC_WARN_UNDECLARED_SELECTOR = YES;
				GCC_WARN_UNINITIALIZED_AUTOS = YES_AGGRESSIVE;
				GCC_WARN_UNUSED_FUNCTION = YES;
				GCC_WARN_UNUSED_VARIABLE = YES;
				IPHONEOS_DEPLOYMENT_TARGET = 16.2;
				MTL_ENABLE_DEBUG_INFO = INCLUDE_SOURCE;
				MTL_FAST_MATH = YES;
				ONLY_ACTIVE_ARCH = YES;
				SDKROOT = iphoneos;
				SWIFT_ACTIVE_COMPILATION_CONDITIONS = DEBUG;
				SWIFT_OPTIMIZATION_LEVEL = "-Onone";
			};
			name = Debug;
		};
		B1626B5B2983EF3100DCD25F /* Release */ = {
			isa = XCBuildConfiguration;
			buildSettings = {
				ALWAYS_SEARCH_USER_PATHS = NO;
				CLANG_ANALYZER_NONNULL = YES;
				CLANG_ANALYZER_NUMBER_OBJECT_CONVERSION = YES_AGGRESSIVE;
				CLANG_CXX_LANGUAGE_STANDARD = "gnu++20";
				CLANG_ENABLE_MODULES = YES;
				CLANG_ENABLE_OBJC_ARC = YES;
				CLANG_ENABLE_OBJC_WEAK = YES;
				CLANG_WARN_BLOCK_CAPTURE_AUTORELEASING = YES;
				CLANG_WARN_BOOL_CONVERSION = YES;
				CLANG_WARN_COMMA = YES;
				CLANG_WARN_CONSTANT_CONVERSION = YES;
				CLANG_WARN_DEPRECATED_OBJC_IMPLEMENTATIONS = YES;
				CLANG_WARN_DIRECT_OBJC_ISA_USAGE = YES_ERROR;
				CLANG_WARN_DOCUMENTATION_COMMENTS = YES;
				CLANG_WARN_EMPTY_BODY = YES;
				CLANG_WARN_ENUM_CONVERSION = YES;
				CLANG_WARN_INFINITE_RECURSION = YES;
				CLANG_WARN_INT_CONVERSION = YES;
				CLANG_WARN_NON_LITERAL_NULL_CONVERSION = YES;
				CLANG_WARN_OBJC_IMPLICIT_RETAIN_SELF = YES;
				CLANG_WARN_OBJC_LITERAL_CONVERSION = YES;
				CLANG_WARN_OBJC_ROOT_CLASS = YES_ERROR;
				CLANG_WARN_QUOTED_INCLUDE_IN_FRAMEWORK_HEADER = YES;
				CLANG_WARN_RANGE_LOOP_ANALYSIS = YES;
				CLANG_WARN_STRICT_PROTOTYPES = YES;
				CLANG_WARN_SUSPICIOUS_MOVE = YES;
				CLANG_WARN_UNGUARDED_AVAILABILITY = YES_AGGRESSIVE;
				CLANG_WARN_UNREACHABLE_CODE = YES;
				CLANG_WARN__DUPLICATE_METHOD_MATCH = YES;
				COPY_PHASE_STRIP = NO;
				DEBUG_INFORMATION_FORMAT = "dwarf-with-dsym";
				ENABLE_NS_ASSERTIONS = NO;
				ENABLE_STRICT_OBJC_MSGSEND = YES;
				GCC_C_LANGUAGE_STANDARD = gnu11;
				GCC_NO_COMMON_BLOCKS = YES;
				GCC_WARN_64_TO_32_BIT_CONVERSION = YES;
				GCC_WARN_ABOUT_RETURN_TYPE = YES_ERROR;
				GCC_WARN_UNDECLARED_SELECTOR = YES;
				GCC_WARN_UNINITIALIZED_AUTOS = YES_AGGRESSIVE;
				GCC_WARN_UNUSED_FUNCTION = YES;
				GCC_WARN_UNUSED_VARIABLE = YES;
				IPHONEOS_DEPLOYMENT_TARGET = 16.2;
				MTL_ENABLE_DEBUG_INFO = NO;
				MTL_FAST_MATH = YES;
				SDKROOT = iphoneos;
				SWIFT_COMPILATION_MODE = wholemodule;
				SWIFT_OPTIMIZATION_LEVEL = "-O";
				VALIDATE_PRODUCT = YES;
			};
			name = Release;
		};
		B1626B5D2983EF3100DCD25F /* Debug */ = {
			isa = XCBuildConfiguration;
			buildSettings = {
				ASSETCATALOG_COMPILER_APPICON_NAME = AppIcon;
				ASSETCATALOG_COMPILER_GLOBAL_ACCENT_COLOR_NAME = AccentColor;
				CODE_SIGN_STYLE = Automatic;
				CURRENT_PROJECT_VERSION = 1;
				DEVELOPMENT_ASSET_PATHS = "\"RickAndMortyApp/Preview Content\"";
				ENABLE_PREVIEWS = YES;
				GENERATE_INFOPLIST_FILE = YES;
				INFOPLIST_KEY_UIApplicationSceneManifest_Generation = YES;
				INFOPLIST_KEY_UIApplicationSupportsIndirectInputEvents = YES;
				INFOPLIST_KEY_UILaunchScreen_Generation = YES;
				INFOPLIST_KEY_UISupportedInterfaceOrientations_iPad = "UIInterfaceOrientationPortrait UIInterfaceOrientationPortraitUpsideDown UIInterfaceOrientationLandscapeLeft UIInterfaceOrientationLandscapeRight";
				INFOPLIST_KEY_UISupportedInterfaceOrientations_iPhone = "UIInterfaceOrientationPortrait UIInterfaceOrientationLandscapeLeft UIInterfaceOrientationLandscapeRight";
				LD_RUNPATH_SEARCH_PATHS = (
					"$(inherited)",
					"@executable_path/Frameworks",
				);
				MARKETING_VERSION = 1.0;
				PRODUCT_BUNDLE_IDENTIFIER = com.github.albertopeam.RickAndMortyApp;
				PRODUCT_NAME = "$(TARGET_NAME)";
				SWIFT_EMIT_LOC_STRINGS = YES;
				SWIFT_VERSION = 5.0;
				TARGETED_DEVICE_FAMILY = "1,2";
			};
			name = Debug;
		};
		B1626B5E2983EF3100DCD25F /* Release */ = {
			isa = XCBuildConfiguration;
			buildSettings = {
				ASSETCATALOG_COMPILER_APPICON_NAME = AppIcon;
				ASSETCATALOG_COMPILER_GLOBAL_ACCENT_COLOR_NAME = AccentColor;
				CODE_SIGN_STYLE = Automatic;
				CURRENT_PROJECT_VERSION = 1;
				DEVELOPMENT_ASSET_PATHS = "\"RickAndMortyApp/Preview Content\"";
				ENABLE_PREVIEWS = YES;
				GENERATE_INFOPLIST_FILE = YES;
				INFOPLIST_KEY_UIApplicationSceneManifest_Generation = YES;
				INFOPLIST_KEY_UIApplicationSupportsIndirectInputEvents = YES;
				INFOPLIST_KEY_UILaunchScreen_Generation = YES;
				INFOPLIST_KEY_UISupportedInterfaceOrientations_iPad = "UIInterfaceOrientationPortrait UIInterfaceOrientationPortraitUpsideDown UIInterfaceOrientationLandscapeLeft UIInterfaceOrientationLandscapeRight";
				INFOPLIST_KEY_UISupportedInterfaceOrientations_iPhone = "UIInterfaceOrientationPortrait UIInterfaceOrientationLandscapeLeft UIInterfaceOrientationLandscapeRight";
				LD_RUNPATH_SEARCH_PATHS = (
					"$(inherited)",
					"@executable_path/Frameworks",
				);
				MARKETING_VERSION = 1.0;
				PRODUCT_BUNDLE_IDENTIFIER = com.github.albertopeam.RickAndMortyApp;
				PRODUCT_NAME = "$(TARGET_NAME)";
				SWIFT_EMIT_LOC_STRINGS = YES;
				SWIFT_VERSION = 5.0;
				TARGETED_DEVICE_FAMILY = "1,2";
			};
			name = Release;
		};
		B1626B602983EF3100DCD25F /* Debug */ = {
			isa = XCBuildConfiguration;
			buildSettings = {
				ALWAYS_EMBED_SWIFT_STANDARD_LIBRARIES = YES;
				BUNDLE_LOADER = "$(TEST_HOST)";
				CODE_SIGN_STYLE = Automatic;
				CURRENT_PROJECT_VERSION = 1;
				GENERATE_INFOPLIST_FILE = YES;
				IPHONEOS_DEPLOYMENT_TARGET = 16.2;
				MARKETING_VERSION = 1.0;
				PRODUCT_BUNDLE_IDENTIFIER = com.github.albertopeam.RickAndMortyAppTests;
				PRODUCT_NAME = "$(TARGET_NAME)";
				SWIFT_EMIT_LOC_STRINGS = NO;
				SWIFT_VERSION = 5.0;
				TARGETED_DEVICE_FAMILY = "1,2";
				TEST_HOST = "$(BUILT_PRODUCTS_DIR)/RickAndMortyApp.app/$(BUNDLE_EXECUTABLE_FOLDER_PATH)/RickAndMortyApp";
			};
			name = Debug;
		};
		B1626B612983EF3100DCD25F /* Release */ = {
			isa = XCBuildConfiguration;
			buildSettings = {
				ALWAYS_EMBED_SWIFT_STANDARD_LIBRARIES = YES;
				BUNDLE_LOADER = "$(TEST_HOST)";
				CODE_SIGN_STYLE = Automatic;
				CURRENT_PROJECT_VERSION = 1;
				GENERATE_INFOPLIST_FILE = YES;
				IPHONEOS_DEPLOYMENT_TARGET = 16.2;
				MARKETING_VERSION = 1.0;
				PRODUCT_BUNDLE_IDENTIFIER = com.github.albertopeam.RickAndMortyAppTests;
				PRODUCT_NAME = "$(TARGET_NAME)";
				SWIFT_EMIT_LOC_STRINGS = NO;
				SWIFT_VERSION = 5.0;
				TARGETED_DEVICE_FAMILY = "1,2";
				TEST_HOST = "$(BUILT_PRODUCTS_DIR)/RickAndMortyApp.app/$(BUNDLE_EXECUTABLE_FOLDER_PATH)/RickAndMortyApp";
			};
			name = Release;
		};
		B1626B632983EF3100DCD25F /* Debug */ = {
			isa = XCBuildConfiguration;
			buildSettings = {
				ALWAYS_EMBED_SWIFT_STANDARD_LIBRARIES = YES;
				CODE_SIGN_STYLE = Automatic;
				CURRENT_PROJECT_VERSION = 1;
				GENERATE_INFOPLIST_FILE = YES;
				MARKETING_VERSION = 1.0;
				PRODUCT_BUNDLE_IDENTIFIER = com.github.albertopeam.RickAndMortyAppUITests;
				PRODUCT_NAME = "$(TARGET_NAME)";
				SWIFT_EMIT_LOC_STRINGS = NO;
				SWIFT_VERSION = 5.0;
				TARGETED_DEVICE_FAMILY = "1,2";
				TEST_TARGET_NAME = RickAndMortyApp;
			};
			name = Debug;
		};
		B1626B642983EF3100DCD25F /* Release */ = {
			isa = XCBuildConfiguration;
			buildSettings = {
				ALWAYS_EMBED_SWIFT_STANDARD_LIBRARIES = YES;
				CODE_SIGN_STYLE = Automatic;
				CURRENT_PROJECT_VERSION = 1;
				GENERATE_INFOPLIST_FILE = YES;
				MARKETING_VERSION = 1.0;
				PRODUCT_BUNDLE_IDENTIFIER = com.github.albertopeam.RickAndMortyAppUITests;
				PRODUCT_NAME = "$(TARGET_NAME)";
				SWIFT_EMIT_LOC_STRINGS = NO;
				SWIFT_VERSION = 5.0;
				TARGETED_DEVICE_FAMILY = "1,2";
				TEST_TARGET_NAME = RickAndMortyApp;
			};
			name = Release;
		};
/* End XCBuildConfiguration section */

/* Begin XCConfigurationList section */
		B1626B332983EF3000DCD25F /* Build configuration list for PBXProject "RickAndMortyApp" */ = {
			isa = XCConfigurationList;
			buildConfigurations = (
				B1626B5A2983EF3100DCD25F /* Debug */,
				B1626B5B2983EF3100DCD25F /* Release */,
			);
			defaultConfigurationIsVisible = 0;
			defaultConfigurationName = Release;
		};
		B1626B5C2983EF3100DCD25F /* Build configuration list for PBXNativeTarget "RickAndMortyApp" */ = {
			isa = XCConfigurationList;
			buildConfigurations = (
				B1626B5D2983EF3100DCD25F /* Debug */,
				B1626B5E2983EF3100DCD25F /* Release */,
			);
			defaultConfigurationIsVisible = 0;
			defaultConfigurationName = Release;
		};
		B1626B5F2983EF3100DCD25F /* Build configuration list for PBXNativeTarget "RickAndMortyAppTests" */ = {
			isa = XCConfigurationList;
			buildConfigurations = (
				B1626B602983EF3100DCD25F /* Debug */,
				B1626B612983EF3100DCD25F /* Release */,
			);
			defaultConfigurationIsVisible = 0;
			defaultConfigurationName = Release;
		};
		B1626B622983EF3100DCD25F /* Build configuration list for PBXNativeTarget "RickAndMortyAppUITests" */ = {
			isa = XCConfigurationList;
			buildConfigurations = (
				B1626B632983EF3100DCD25F /* Debug */,
				B1626B642983EF3100DCD25F /* Release */,
			);
			defaultConfigurationIsVisible = 0;
			defaultConfigurationName = Release;
		};
/* End XCConfigurationList section */
	};
	rootObject = B1626B302983EF3000DCD25F /* Project object */;
}
